
Microsoft Visual Studio Solution File, Format Version 12.00
# Visual Studio Version 16
VisualStudioVersion = 16.0.30517.126
MinimumVisualStudioVersion = 10.0.40219.1
Project("{9A19103F-16F7-4668-BE54-9A1E7A4F7556}") = "Application", "Application\Application.csproj", "{B213FFE2-A54B-40CA-AB02-3324FB3AF3BE}"
EndProject
Project("{9A19103F-16F7-4668-BE54-9A1E7A4F7556}") = "Application.Tests", "Application.Tests\Application.Tests.csproj", "{227E7111-7B6E-4FC1-9318-B62381B9FA74}"
EndProject
Project("{2150E333-8FDC-42A3-9474-1A3956D46DE8}") = "docs", "docs", "{25008C3B-A2E9-4818-86CA-86BE5F0F9AAC}"
	ProjectSection(SolutionItems) = preProject
		docs\1_Introduction.md = docs\1_Introduction.md
		docs\2_Easy_Fix_Difficult_Test.md = docs\2_Easy_Fix_Difficult_Test.md
		docs\3_Building_Test_Data.md = docs\3_Building_Test_Data.md
		docs\4_Mikado_Method_to_the_Rescue.md = docs\4_Mikado_Method_to_the_Rescue.md
		docs\5_Conclusion.md = docs\5_Conclusion.md
		docs\Animation_Guide.md = docs\Animation_Guide.md
	EndProjectSection
EndProject
Project("{2150E333-8FDC-42A3-9474-1A3956D46DE8}") = "references", "references", "{079B6BC3-34BC-4801-9303-63B85A62600C}"
	ProjectSection(SolutionItems) = preProject
		docs\references\References.md = docs\references\References.md
		docs\references\Test_Data_Builders.md = docs\references\Test_Data_Builders.md
		docs\references\The_Mikado_Method.md = docs\references\The_Mikado_Method.md
	EndProjectSection
EndProject
Global
	GlobalSection(SolutionConfigurationPlatforms) = preSolution
		Debug|Any CPU = Debug|Any CPU
		Release|Any CPU = Release|Any CPU
	EndGlobalSection
	GlobalSection(ProjectConfigurationPlatforms) = postSolution
		{B213FFE2-A54B-40CA-AB02-3324FB3AF3BE}.Debug|Any CPU.ActiveCfg = Debug|Any CPU
		{B213FFE2-A54B-40CA-AB02-3324FB3AF3BE}.Debug|Any CPU.Build.0 = Debug|Any CPU
		{B213FFE2-A54B-40CA-AB02-3324FB3AF3BE}.Release|Any CPU.ActiveCfg = Release|Any CPU
		{B213FFE2-A54B-40CA-AB02-3324FB3AF3BE}.Release|Any CPU.Build.0 = Release|Any CPU
		{227E7111-7B6E-4FC1-9318-B62381B9FA74}.Debug|Any CPU.ActiveCfg = Debug|Any CPU
		{227E7111-7B6E-4FC1-9318-B62381B9FA74}.Debug|Any CPU.Build.0 = Debug|Any CPU
		{227E7111-7B6E-4FC1-9318-B62381B9FA74}.Release|Any CPU.ActiveCfg = Release|Any CPU
		{227E7111-7B6E-4FC1-9318-B62381B9FA74}.Release|Any CPU.Build.0 = Release|Any CPU
	EndGlobalSection
	GlobalSection(SolutionProperties) = preSolution
		HideSolutionNode = FALSE
	EndGlobalSection
	GlobalSection(NestedProjects) = preSolution
		{079B6BC3-34BC-4801-9303-63B85A62600C} = {25008C3B-A2E9-4818-86CA-86BE5F0F9AAC}
	EndGlobalSection
	GlobalSection(ExtensibilityGlobals) = postSolution
		SolutionGuid = {A3532588-ED76-4975-9D26-1DC4F02C12AB}
	EndGlobalSection
EndGlobal
